
Microsoft Visual Studio Solution File, Format Version 12.00
# Visual Studio Version 17
VisualStudioVersion = 17.5.002.0
MinimumVisualStudioVersion = 10.0.40219.1
Project("{9A19103F-16F7-4668-BE54-9A1E7A4F7556}") = "027_figlet", "027_figlet.csproj", "{89C05CFF-CCBA-4F24-A6BE-9A58175388D0}"
EndProject
Global
	GlobalSection(SolutionConfigurationPlatforms) = preSolution
		Debug|Any CPU = Debug|Any CPU
		Release|Any CPU = Release|Any CPU
	EndGlobalSection
	GlobalSection(ProjectConfigurationPlatforms) = postSolution
		{89C05CFF-CCBA-4F24-A6BE-9A58175388D0}.Debug|Any CPU.ActiveCfg = Debug|Any CPU
		{89C05CFF-CCBA-4F24-A6BE-9A58175388D0}.Debug|Any CPU.Build.0 = Debug|Any CPU
		{89C05CFF-CCBA-4F24-A6BE-9A58175388D0}.Release|Any CPU.ActiveCfg = Release|Any CPU
		{89C05CFF-CCBA-4F24-A6BE-9A58175388D0}.Release|Any CPU.Build.0 = Release|Any CPU
	EndGlobalSection
	GlobalSection(SolutionProperties) = preSolution
		HideSolutionNode = FALSE
	EndGlobalSection
	GlobalSection(ExtensibilityGlobals) = postSolution
		SolutionGuid = {4055A55C-A842-45C7-A9DD-D4F69B0D992E}
	EndGlobalSection
EndGlobal
