
Microsoft Visual Studio Solution File, Format Version 12.00
# Visual Studio Version 17
VisualStudioVersion = 17.0.31903.59
MinimumVisualStudioVersion = 10.0.40219.1
Project("{FAE04EC0-301F-11D3-BF4B-00C04F79EFBC}") = "GeometryCalculatorAdvanced.App", "GeometryCalculatorAdvanced.App\GeometryCalculatorAdvanced.App.csproj", "{81D28AFB-BE0D-4C83-928A-4FA2B20292BB}"
EndProject
Project("{FAE04EC0-301F-11D3-BF4B-00C04F79EFBC}") = "GeometryCalculatorAdvanced.Logic", "GeometryCalculatorAdvanced.Logic\GeometryCalculatorAdvanced.Logic.csproj", "{CE8E90FC-98DB-4A58-8257-3F48EDEB9DC9}"
EndProject
Global
	GlobalSection(SolutionConfigurationPlatforms) = preSolution
		Debug|Any CPU = Debug|Any CPU
		Release|Any CPU = Release|Any CPU
	EndGlobalSection
	GlobalSection(SolutionProperties) = preSolution
		HideSolutionNode = FALSE
	EndGlobalSection
	GlobalSection(ProjectConfigurationPlatforms) = postSolution
		{81D28AFB-BE0D-4C83-928A-4FA2B20292BB}.Debug|Any CPU.ActiveCfg = Debug|Any CPU
		{81D28AFB-BE0D-4C83-928A-4FA2B20292BB}.Debug|Any CPU.Build.0 = Debug|Any CPU
		{81D28AFB-BE0D-4C83-928A-4FA2B20292BB}.Release|Any CPU.ActiveCfg = Release|Any CPU
		{81D28AFB-BE0D-4C83-928A-4FA2B20292BB}.Release|Any CPU.Build.0 = Release|Any CPU
		{CE8E90FC-98DB-4A58-8257-3F48EDEB9DC9}.Debug|Any CPU.ActiveCfg = Debug|Any CPU
		{CE8E90FC-98DB-4A58-8257-3F48EDEB9DC9}.Debug|Any CPU.Build.0 = Debug|Any CPU
		{CE8E90FC-98DB-4A58-8257-3F48EDEB9DC9}.Release|Any CPU.ActiveCfg = Release|Any CPU
		{CE8E90FC-98DB-4A58-8257-3F48EDEB9DC9}.Release|Any CPU.Build.0 = Release|Any CPU
	EndGlobalSection
EndGlobal
