
Microsoft Visual Studio Solution File, Format Version 12.00
# Visual Studio Version 17
VisualStudioVersion = 17.0.31903.59
MinimumVisualStudioVersion = 10.0.40219.1
Project("{FAE04EC0-301F-11D3-BF4B-00C04F79EFBC}") = "Garage.Logic", "Garage.Logic\Garage.Logic.csproj", "{9D6C33FE-343F-4120-BB9A-67BC03DA1EF1}"
EndProject
Project("{FAE04EC0-301F-11D3-BF4B-00C04F79EFBC}") = "Garage.App", "Garage.App\Garage.App.csproj", "{40CB4A27-460F-497D-8D91-703B31C03D0F}"
EndProject
Global
	GlobalSection(SolutionConfigurationPlatforms) = preSolution
		Debug|Any CPU = Debug|Any CPU
		Release|Any CPU = Release|Any CPU
	EndGlobalSection
	GlobalSection(SolutionProperties) = preSolution
		HideSolutionNode = FALSE
	EndGlobalSection
	GlobalSection(ProjectConfigurationPlatforms) = postSolution
		{9D6C33FE-343F-4120-BB9A-67BC03DA1EF1}.Debug|Any CPU.ActiveCfg = Debug|Any CPU
		{9D6C33FE-343F-4120-BB9A-67BC03DA1EF1}.Debug|Any CPU.Build.0 = Debug|Any CPU
		{9D6C33FE-343F-4120-BB9A-67BC03DA1EF1}.Release|Any CPU.ActiveCfg = Release|Any CPU
		{9D6C33FE-343F-4120-BB9A-67BC03DA1EF1}.Release|Any CPU.Build.0 = Release|Any CPU
		{40CB4A27-460F-497D-8D91-703B31C03D0F}.Debug|Any CPU.ActiveCfg = Debug|Any CPU
		{40CB4A27-460F-497D-8D91-703B31C03D0F}.Debug|Any CPU.Build.0 = Debug|Any CPU
		{40CB4A27-460F-497D-8D91-703B31C03D0F}.Release|Any CPU.ActiveCfg = Release|Any CPU
		{40CB4A27-460F-497D-8D91-703B31C03D0F}.Release|Any CPU.Build.0 = Release|Any CPU
	EndGlobalSection
EndGlobal
