
Microsoft Visual Studio Solution File, Format Version 12.00
# Visual Studio Version 17
VisualStudioVersion = 17.5.002.0
MinimumVisualStudioVersion = 10.0.40219.1
Project("{9A19103F-16F7-4668-BE54-9A1E7A4F7556}") = "017_numbers_list", "017_numbers_list.csproj", "{7BEA929E-2CCF-41B4-8784-27920EA467E0}"
EndProject
Global
	GlobalSection(SolutionConfigurationPlatforms) = preSolution
		Debug|Any CPU = Debug|Any CPU
		Release|Any CPU = Release|Any CPU
	EndGlobalSection
	GlobalSection(ProjectConfigurationPlatforms) = postSolution
		{7BEA929E-2CCF-41B4-8784-27920EA467E0}.Debug|Any CPU.ActiveCfg = Debug|Any CPU
		{7BEA929E-2CCF-41B4-8784-27920EA467E0}.Debug|Any CPU.Build.0 = Debug|Any CPU
		{7BEA929E-2CCF-41B4-8784-27920EA467E0}.Release|Any CPU.ActiveCfg = Release|Any CPU
		{7BEA929E-2CCF-41B4-8784-27920EA467E0}.Release|Any CPU.Build.0 = Release|Any CPU
	EndGlobalSection
	GlobalSection(SolutionProperties) = preSolution
		HideSolutionNode = FALSE
	EndGlobalSection
	GlobalSection(ExtensibilityGlobals) = postSolution
		SolutionGuid = {8408C65A-2BD7-40C7-AB1B-31F9E0A61C71}
	EndGlobalSection
EndGlobal
