
Microsoft Visual Studio Solution File, Format Version 12.00
# Visual Studio Version 17
VisualStudioVersion = 17.9.34728.123
MinimumVisualStudioVersion = 10.0.40219.1
Project("{FAE04EC0-301F-11D3-BF4B-00C04F79EFBC}") = "TicTacToe", "TicTacToe\TicTacToe.csproj", "{6B2013FB-169C-4B6C-BE4C-EB0F0B48EBD8}"
EndProject
Global
	GlobalSection(SolutionConfigurationPlatforms) = preSolution
		Debug|Any CPU = Debug|Any CPU
		Release|Any CPU = Release|Any CPU
	EndGlobalSection
	GlobalSection(ProjectConfigurationPlatforms) = postSolution
		{6B2013FB-169C-4B6C-BE4C-EB0F0B48EBD8}.Debug|Any CPU.ActiveCfg = Debug|Any CPU
		{6B2013FB-169C-4B6C-BE4C-EB0F0B48EBD8}.Debug|Any CPU.Build.0 = Debug|Any CPU
		{6B2013FB-169C-4B6C-BE4C-EB0F0B48EBD8}.Release|Any CPU.ActiveCfg = Release|Any CPU
		{6B2013FB-169C-4B6C-BE4C-EB0F0B48EBD8}.Release|Any CPU.Build.0 = Release|Any CPU
	EndGlobalSection
	GlobalSection(SolutionProperties) = preSolution
		HideSolutionNode = FALSE
	EndGlobalSection
	GlobalSection(ExtensibilityGlobals) = postSolution
		SolutionGuid = {A9997BB3-74CC-48E3-88CE-BA4B32DF5726}
	EndGlobalSection
EndGlobal
