
Microsoft Visual Studio Solution File, Format Version 12.00
# Visual Studio Version 17
VisualStudioVersion = 17.0.31903.59
MinimumVisualStudioVersion = 10.0.40219.1
Project("{FAE04EC0-301F-11D3-BF4B-00C04F79EFBC}") = "Banking.Logic", "Banking.Logic\Banking.Logic.csproj", "{37A7A10B-BADB-460B-977A-54E1168EB744}"
EndProject
Project("{FAE04EC0-301F-11D3-BF4B-00C04F79EFBC}") = "Banking.InterestCalculator", "Banking.InterestCalculator\Banking.InterestCalculator.csproj", "{8EF384C5-EA2B-4239-952C-0F83B9E9A49A}"
EndProject
Global
	GlobalSection(SolutionConfigurationPlatforms) = preSolution
		Debug|Any CPU = Debug|Any CPU
		Release|Any CPU = Release|Any CPU
	EndGlobalSection
	GlobalSection(SolutionProperties) = preSolution
		HideSolutionNode = FALSE
	EndGlobalSection
	GlobalSection(ProjectConfigurationPlatforms) = postSolution
		{37A7A10B-BADB-460B-977A-54E1168EB744}.Debug|Any CPU.ActiveCfg = Debug|Any CPU
		{37A7A10B-BADB-460B-977A-54E1168EB744}.Debug|Any CPU.Build.0 = Debug|Any CPU
		{37A7A10B-BADB-460B-977A-54E1168EB744}.Release|Any CPU.ActiveCfg = Release|Any CPU
		{37A7A10B-BADB-460B-977A-54E1168EB744}.Release|Any CPU.Build.0 = Release|Any CPU
		{8EF384C5-EA2B-4239-952C-0F83B9E9A49A}.Debug|Any CPU.ActiveCfg = Debug|Any CPU
		{8EF384C5-EA2B-4239-952C-0F83B9E9A49A}.Debug|Any CPU.Build.0 = Debug|Any CPU
		{8EF384C5-EA2B-4239-952C-0F83B9E9A49A}.Release|Any CPU.ActiveCfg = Release|Any CPU
		{8EF384C5-EA2B-4239-952C-0F83B9E9A49A}.Release|Any CPU.Build.0 = Release|Any CPU
	EndGlobalSection
EndGlobal
